
Microsoft Visual Studio Solution File, Format Version 12.00
# Visual Studio Version 17
VisualStudioVersion = 17.8.34316.72
MinimumVisualStudioVersion = 10.0.40219.1
Project("{FAE04EC0-301F-11D3-BF4B-00C04F79EFBC}") = "PatlamısMısır.com", "PatlamısMısır.com\PatlamısMısır.com.csproj", "{DEBD32B5-FEF5-44BB-98E0-383DD4D36698}"
EndProject
Global
	GlobalSection(SolutionConfigurationPlatforms) = preSolution
		Debug|Any CPU = Debug|Any CPU
		Release|Any CPU = Release|Any CPU
	EndGlobalSection
	GlobalSection(ProjectConfigurationPlatforms) = postSolution
		{DEBD32B5-FEF5-44BB-98E0-383DD4D36698}.Debug|Any CPU.ActiveCfg = Debug|Any CPU
		{DEBD32B5-FEF5-44BB-98E0-383DD4D36698}.Debug|Any CPU.Build.0 = Debug|Any CPU
		{DEBD32B5-FEF5-44BB-98E0-383DD4D36698}.Release|Any CPU.ActiveCfg = Release|Any CPU
		{DEBD32B5-FEF5-44BB-98E0-383DD4D36698}.Release|Any CPU.Build.0 = Release|Any CPU
	EndGlobalSection
	GlobalSection(SolutionProperties) = preSolution
		HideSolutionNode = FALSE
	EndGlobalSection
	GlobalSection(ExtensibilityGlobals) = postSolution
		SolutionGuid = {7A4007C8-0174-4AC9-AD8B-9B5472018A30}
	EndGlobalSection
EndGlobal
